
Microsoft Visual Studio Solution File, Format Version 12.00
# Visual Studio Version 17
VisualStudioVersion = 17.0.31410.414
MinimumVisualStudioVersion = 10.0.40219.1
Project("{FAE04EC0-301F-11D3-BF4B-00C04F79EFBC}") = "GildedRose.Console", "src\GildedRose.Console\GildedRose.Console.csproj", "{ED751825-CFED-4897-A6C1-891DD036F6C1}"
EndProject
Project("{9A19103F-16F7-4668-BE54-9A1E7A4F7556}") = "GildedRose.Tests", "src\GildedRose.Tests\GildedRose.Tests.csproj", "{2B0C3088-741F-4FC4-945A-2165F677AE16}"
EndProject
Global
	GlobalSection(SolutionConfigurationPlatforms) = preSolution
		Debug|Any CPU = Debug|Any CPU
		Debug|x64 = Debug|x64
		Debug|x86 = Debug|x86
		Release|Any CPU = Release|Any CPU
		Release|x64 = Release|x64
		Release|x86 = Release|x86
	EndGlobalSection
	GlobalSection(ProjectConfigurationPlatforms) = postSolution
		{ED751825-CFED-4897-A6C1-891DD036F6C1}.Debug|Any CPU.ActiveCfg = Debug|Any CPU
		{ED751825-CFED-4897-A6C1-891DD036F6C1}.Debug|Any CPU.Build.0 = Debug|Any CPU
		{ED751825-CFED-4897-A6C1-891DD036F6C1}.Debug|x64.ActiveCfg = Debug|Any CPU
		{ED751825-CFED-4897-A6C1-891DD036F6C1}.Debug|x64.Build.0 = Debug|Any CPU
		{ED751825-CFED-4897-A6C1-891DD036F6C1}.Debug|x86.ActiveCfg = Debug|Any CPU
		{ED751825-CFED-4897-A6C1-891DD036F6C1}.Debug|x86.Build.0 = Debug|Any CPU
		{ED751825-CFED-4897-A6C1-891DD036F6C1}.Release|Any CPU.ActiveCfg = Release|Any CPU
		{ED751825-CFED-4897-A6C1-891DD036F6C1}.Release|Any CPU.Build.0 = Release|Any CPU
		{ED751825-CFED-4897-A6C1-891DD036F6C1}.Release|x64.ActiveCfg = Release|Any CPU
		{ED751825-CFED-4897-A6C1-891DD036F6C1}.Release|x64.Build.0 = Release|Any CPU
		{ED751825-CFED-4897-A6C1-891DD036F6C1}.Release|x86.ActiveCfg = Release|Any CPU
		{ED751825-CFED-4897-A6C1-891DD036F6C1}.Release|x86.Build.0 = Release|Any CPU
		{2B0C3088-741F-4FC4-945A-2165F677AE16}.Debug|Any CPU.ActiveCfg = Debug|Any CPU
		{2B0C3088-741F-4FC4-945A-2165F677AE16}.Debug|Any CPU.Build.0 = Debug|Any CPU
		{2B0C3088-741F-4FC4-945A-2165F677AE16}.Debug|x64.ActiveCfg = Debug|Any CPU
		{2B0C3088-741F-4FC4-945A-2165F677AE16}.Debug|x64.Build.0 = Debug|Any CPU
		{2B0C3088-741F-4FC4-945A-2165F677AE16}.Debug|x86.ActiveCfg = Debug|Any CPU
		{2B0C3088-741F-4FC4-945A-2165F677AE16}.Debug|x86.Build.0 = Debug|Any CPU
		{2B0C3088-741F-4FC4-945A-2165F677AE16}.Release|Any CPU.ActiveCfg = Release|Any CPU
		{2B0C3088-741F-4FC4-945A-2165F677AE16}.Release|Any CPU.Build.0 = Release|Any CPU
		{2B0C3088-741F-4FC4-945A-2165F677AE16}.Release|x64.ActiveCfg = Release|Any CPU
		{2B0C3088-741F-4FC4-945A-2165F677AE16}.Release|x64.Build.0 = Release|Any CPU
		{2B0C3088-741F-4FC4-945A-2165F677AE16}.Release|x86.ActiveCfg = Release|Any CPU
		{2B0C3088-741F-4FC4-945A-2165F677AE16}.Release|x86.Build.0 = Release|Any CPU
	EndGlobalSection
	GlobalSection(SolutionProperties) = preSolution
		HideSolutionNode = FALSE
	EndGlobalSection
	GlobalSection(ExtensibilityGlobals) = postSolution
		SolutionGuid = {873BB441-7797-4BC4-B995-F91921364AB0}
	EndGlobalSection
EndGlobal
